
Microsoft Visual Studio Solution File, Format Version 12.00
# Visual Studio Version 17
VisualStudioVersion = 17.5.33530.505
MinimumVisualStudioVersion = 10.0.40219.1
Project("{FAE04EC0-301F-11D3-BF4B-00C04F79EFBC}") = "8_interfaces", "8_interfaces.csproj", "{2FDB512E-8524-4060-B937-35F26CD062FD}"
EndProject
Global
	GlobalSection(SolutionConfigurationPlatforms) = preSolution
		Debug|Any CPU = Debug|Any CPU
		Release|Any CPU = Release|Any CPU
	EndGlobalSection
	GlobalSection(ProjectConfigurationPlatforms) = postSolution
		{2FDB512E-8524-4060-B937-35F26CD062FD}.Debug|Any CPU.ActiveCfg = Debug|Any CPU
		{2FDB512E-8524-4060-B937-35F26CD062FD}.Debug|Any CPU.Build.0 = Debug|Any CPU
		{2FDB512E-8524-4060-B937-35F26CD062FD}.Release|Any CPU.ActiveCfg = Release|Any CPU
		{2FDB512E-8524-4060-B937-35F26CD062FD}.Release|Any CPU.Build.0 = Release|Any CPU
	EndGlobalSection
	GlobalSection(SolutionProperties) = preSolution
		HideSolutionNode = FALSE
	EndGlobalSection
	GlobalSection(ExtensibilityGlobals) = postSolution
		SolutionGuid = {F0282E9C-38AB-4943-866D-EBED63BA7E47}
	EndGlobalSection
EndGlobal
